// !$*UTF8*$!
{
	archiveVersion = 1;
	classes = {
	};
	objectVersion = 50;
	objects = {

/* Begin PBXFileReference section */
		846EF8A521AEE8A200746096 /* README.md */ = {isa = PBXFileReference; lastKnownFileType = net.daringfireball.markdown; path = README.md; sourceTree = "<group>"; };
/* End PBXFileReference section */

/* Begin PBXGroup section */
		846EF73521AEDE7500746096 = {
			isa = PBXGroup;
			children = (
				846EF8A521AEE8A200746096 /* README.md */,
				846EF8A821AEE8C000746096 /* Utils */,
				846EF8A721AEE8B600746096 /* Apps */,
				846EF8A621AEE8A800746096 /* Libs */,
			);
			sourceTree = "<group>";
		};
		846EF8A621AEE8A800746096 /* Libs */ = {
			isa = PBXGroup;
			children = (
			);
			path = Libs;
			sourceTree = "<group>";
		};
		846EF8A721AEE8B600746096 /* Apps */ = {
			isa = PBXGroup;
			children = (
			);
			path = Apps;
			sourceTree = "<group>";
		};
		846EF8A821AEE8C000746096 /* Utils */ = {
			isa = PBXGroup;
			children = (
			);
			path = Utils;
			sourceTree = "<group>";
		};
/* End PBXGroup section */

/* Begin PBXProject section */
		846EF73621AEDE7500746096 /* Project object */ = {
			isa = PBXProject;
			attributes = {
				LastUpgradeCheck = 1010;
			};
			buildConfigurationList = 846EF73921AEDE7500746096 /* Build configuration list for PBXProject "iDocs" */;
			compatibilityVersion = "Xcode 9.3";
			developmentRegion = en;
			hasScannedForEncodings = 0;
			knownRegions = (
				en,
			);
			mainGroup = 846EF73521AEDE7500746096;
			projectDirPath = "";
			projectRoot = "";
			targets = (
			);
		};
/* End PBXProject section */

/* Begin XCBuildConfiguration section */
		846EF73A21AEDE7500746096 /* Debug */ = {
			isa = XCBuildConfiguration;
			buildSettings = {
			};
			name = Debug;
		};
		846EF73B21AEDE7500746096 /* Release */ = {
			isa = XCBuildConfiguration;
			buildSettings = {
			};
			name = Release;
		};
/* End XCBuildConfiguration section */

/* Begin XCConfigurationList section */
		846EF73921AEDE7500746096 /* Build configuration list for PBXProject "iDocs" */ = {
			isa = XCConfigurationList;
			buildConfigurations = (
				846EF73A21AEDE7500746096 /* Debug */,
				846EF73B21AEDE7500746096 /* Release */,
			);
			defaultConfigurationIsVisible = 0;
			defaultConfigurationName = Release;
		};
/* End XCConfigurationList section */
	};
	rootObject = 846EF73621AEDE7500746096 /* Project object */;
}
