// !$*UTF8*$!
{
	archiveVersion = 1;
	classes = {
	};
	objectVersion = 50;
	objects = {

/* Begin PBXFileReference section */
		81F1088721F07BA500850990 /* .gitmodules */ = {isa = PBXFileReference; lastKnownFileType = text; path = .gitmodules; sourceTree = "<group>"; };
		846EF8A521AEE8A200746096 /* README.md */ = {isa = PBXFileReference; lastKnownFileType = net.daringfireball.markdown; path = README.md; sourceTree = "<group>"; };
		8491280E231E74C50037B1F5 /* Utils */ = {isa = PBXFileReference; lastKnownFileType = folder; path = Utils; sourceTree = "<group>"; };
		8491280F231E74C50037B1F5 /* Apps */ = {isa = PBXFileReference; lastKnownFileType = folder; path = Apps; sourceTree = "<group>"; };
		84912810231E74C50037B1F5 /* Libs */ = {isa = PBXFileReference; lastKnownFileType = folder; path = Libs; sourceTree = "<group>"; };
/* End PBXFileReference section */

/* Begin PBXGroup section */
		846EF73521AEDE7500746096 = {
			isa = PBXGroup;
			children = (
				81F1088721F07BA500850990 /* .gitmodules */,
				846EF8A521AEE8A200746096 /* README.md */,
				8491280F231E74C50037B1F5 /* Apps */,
				84912810231E74C50037B1F5 /* Libs */,
				8491280E231E74C50037B1F5 /* Utils */,
			);
			sourceTree = "<group>";
		};
/* End PBXGroup section */

/* Begin PBXProject section */
		846EF73621AEDE7500746096 /* Project object */ = {
			isa = PBXProject;
			attributes = {
				LastUpgradeCheck = 1010;
			};
			buildConfigurationList = 846EF73921AEDE7500746096 /* Build configuration list for PBXProject "iDocs" */;
			compatibilityVersion = "Xcode 9.3";
			developmentRegion = en;
			hasScannedForEncodings = 0;
			knownRegions = (
				en,
			);
			mainGroup = 846EF73521AEDE7500746096;
			projectDirPath = "";
			projectRoot = "";
			targets = (
			);
		};
/* End PBXProject section */

/* Begin XCBuildConfiguration section */
		846EF73A21AEDE7500746096 /* Debug */ = {
			isa = XCBuildConfiguration;
			buildSettings = {
			};
			name = Debug;
		};
		846EF73B21AEDE7500746096 /* Release */ = {
			isa = XCBuildConfiguration;
			buildSettings = {
			};
			name = Release;
		};
/* End XCBuildConfiguration section */

/* Begin XCConfigurationList section */
		846EF73921AEDE7500746096 /* Build configuration list for PBXProject "iDocs" */ = {
			isa = XCConfigurationList;
			buildConfigurations = (
				846EF73A21AEDE7500746096 /* Debug */,
				846EF73B21AEDE7500746096 /* Release */,
			);
			defaultConfigurationIsVisible = 0;
			defaultConfigurationName = Release;
		};
/* End XCConfigurationList section */
	};
	rootObject = 846EF73621AEDE7500746096 /* Project object */;
}
